Microsoft Visual Studio Solution File, Format Version 12.00
# Visual Studio Version 17
VisualStudioVersion = 17.5.2.0
MinimumVisualStudioVersion = 10.0.40219.1
Project("{FAE04EC0-301F-11D3-BF4B-00C04F79EFBC}") = "aula11exercicio", "aula11exercicio.csproj", "{585AF073-C134-971D-2463-E0CC42EFB8DB}"
EndProject
Global
	GlobalSection(SolutionConfigurationPlatforms) = preSolution
		Debug|Any CPU = Debug|Any CPU
		Release|Any CPU = Release|Any CPU
	EndGlobalSection
	GlobalSection(ProjectConfigurationPlatforms) = postSolution
		{585AF073-C134-971D-2463-E0CC42EFB8DB}.Debug|Any CPU.ActiveCfg = Debug|Any CPU
		{585AF073-C134-971D-2463-E0CC42EFB8DB}.Debug|Any CPU.Build.0 = Debug|Any CPU
		{585AF073-C134-971D-2463-E0CC42EFB8DB}.Release|Any CPU.ActiveCfg = Release|Any CPU
		{585AF073-C134-971D-2463-E0CC42EFB8DB}.Release|Any CPU.Build.0 = Release|Any CPU
	EndGlobalSection
	GlobalSection(SolutionProperties) = preSolution
		HideSolutionNode = FALSE
	EndGlobalSection
	GlobalSection(ExtensibilityGlobals) = postSolution
		SolutionGuid = {606243B8-4897-49FE-BE0C-E48D1E6D16F4}
	EndGlobalSection
EndGlobal
