Microsoft Visual Studio Solution File, Format Version 12.00
# Visual Studio Version 17
VisualStudioVersion = 17.5.2.0
MinimumVisualStudioVersion = 10.0.40219.1
Project("{FAE04EC0-301F-11D3-BF4B-00C04F79EFBC}") = "DesafioDeCubos", "DesafioDeCubos.csproj", "{C17821D0-3313-E3BD-86B4-3E6970BCFD91}"
EndProject
Global
	GlobalSection(SolutionConfigurationPlatforms) = preSolution
		Debug|Any CPU = Debug|Any CPU
		Release|Any CPU = Release|Any CPU
	EndGlobalSection
	GlobalSection(ProjectConfigurationPlatforms) = postSolution
		{C17821D0-3313-E3BD-86B4-3E6970BCFD91}.Debug|Any CPU.ActiveCfg = Debug|Any CPU
		{C17821D0-3313-E3BD-86B4-3E6970BCFD91}.Debug|Any CPU.Build.0 = Debug|Any CPU
		{C17821D0-3313-E3BD-86B4-3E6970BCFD91}.Release|Any CPU.ActiveCfg = Release|Any CPU
		{C17821D0-3313-E3BD-86B4-3E6970BCFD91}.Release|Any CPU.Build.0 = Release|Any CPU
	EndGlobalSection
	GlobalSection(SolutionProperties) = preSolution
		HideSolutionNode = FALSE
	EndGlobalSection
	GlobalSection(ExtensibilityGlobals) = postSolution
		SolutionGuid = {931FAD8B-7E03-4424-B909-6F08D5620CB5}
	EndGlobalSection
EndGlobal
